
Microsoft Visual Studio Solution File, Format Version 12.00
# Visual Studio Version 16
VisualStudioVersion = 16.0.31402.337
MinimumVisualStudioVersion = 10.0.40219.1
Project("{FAE04EC0-301F-11D3-BF4B-00C04F79EFBC}") = "EtàPersone", "EtàPersone\EtàPersone.csproj", "{43D15FD9-4AF0-4670-A073-5E83456A7D1A}"
EndProject
Global
	GlobalSection(SolutionConfigurationPlatforms) = preSolution
		Debug|Any CPU = Debug|Any CPU
		Release|Any CPU = Release|Any CPU
	EndGlobalSection
	GlobalSection(ProjectConfigurationPlatforms) = postSolution
		{43D15FD9-4AF0-4670-A073-5E83456A7D1A}.Debug|Any CPU.ActiveCfg = Debug|Any CPU
		{43D15FD9-4AF0-4670-A073-5E83456A7D1A}.Debug|Any CPU.Build.0 = Debug|Any CPU
		{43D15FD9-4AF0-4670-A073-5E83456A7D1A}.Release|Any CPU.ActiveCfg = Release|Any CPU
		{43D15FD9-4AF0-4670-A073-5E83456A7D1A}.Release|Any CPU.Build.0 = Release|Any CPU
	EndGlobalSection
	GlobalSection(SolutionProperties) = preSolution
		HideSolutionNode = FALSE
	EndGlobalSection
	GlobalSection(ExtensibilityGlobals) = postSolution
		SolutionGuid = {CE0FE36D-03D2-415F-AB5F-260434843BED}
	EndGlobalSection
EndGlobal
