
Microsoft Visual Studio Solution File, Format Version 12.00
# Visual Studio Version 16
VisualStudioVersion = 16.0.31702.278
MinimumVisualStudioVersion = 10.0.40219.1
Project("{FAE04EC0-301F-11D3-BF4B-00C04F79EFBC}") = "Esercizio3_Polimorfismo", "Esercizio3_Polimorfismo\Esercizio3_Polimorfismo.csproj", "{E74E36D9-27DE-4870-99BF-7EF2236E024C}"
EndProject
Global
	GlobalSection(SolutionConfigurationPlatforms) = preSolution
		Debug|Any CPU = Debug|Any CPU
		Release|Any CPU = Release|Any CPU
	EndGlobalSection
	GlobalSection(ProjectConfigurationPlatforms) = postSolution
		{E74E36D9-27DE-4870-99BF-7EF2236E024C}.Debug|Any CPU.ActiveCfg = Debug|Any CPU
		{E74E36D9-27DE-4870-99BF-7EF2236E024C}.Debug|Any CPU.Build.0 = Debug|Any CPU
		{E74E36D9-27DE-4870-99BF-7EF2236E024C}.Release|Any CPU.ActiveCfg = Release|Any CPU
		{E74E36D9-27DE-4870-99BF-7EF2236E024C}.Release|Any CPU.Build.0 = Release|Any CPU
	EndGlobalSection
	GlobalSection(SolutionProperties) = preSolution
		HideSolutionNode = FALSE
	EndGlobalSection
	GlobalSection(ExtensibilityGlobals) = postSolution
		SolutionGuid = {C947F85F-E0C6-4CDF-802E-C592B83A901D}
	EndGlobalSection
EndGlobal
