
Microsoft Visual Studio Solution File, Format Version 12.00
# Visual Studio Version 16
VisualStudioVersion = 16.0.31702.278
MinimumVisualStudioVersion = 10.0.40219.1
Project("{FAE04EC0-301F-11D3-BF4B-00C04F79EFBC}") = "Esercizio2_Polimorfismo", "Esercizio2_Polimorfismo\Esercizio2_Polimorfismo.csproj", "{2B937873-201A-485A-856C-CDBA41CC0CD1}"
EndProject
Global
	GlobalSection(SolutionConfigurationPlatforms) = preSolution
		Debug|Any CPU = Debug|Any CPU
		Release|Any CPU = Release|Any CPU
	EndGlobalSection
	GlobalSection(ProjectConfigurationPlatforms) = postSolution
		{2B937873-201A-485A-856C-CDBA41CC0CD1}.Debug|Any CPU.ActiveCfg = Debug|Any CPU
		{2B937873-201A-485A-856C-CDBA41CC0CD1}.Debug|Any CPU.Build.0 = Debug|Any CPU
		{2B937873-201A-485A-856C-CDBA41CC0CD1}.Release|Any CPU.ActiveCfg = Release|Any CPU
		{2B937873-201A-485A-856C-CDBA41CC0CD1}.Release|Any CPU.Build.0 = Release|Any CPU
	EndGlobalSection
	GlobalSection(SolutionProperties) = preSolution
		HideSolutionNode = FALSE
	EndGlobalSection
	GlobalSection(ExtensibilityGlobals) = postSolution
		SolutionGuid = {4B8AE80A-329B-45E1-ACD8-1DEDDD86E7B6}
	EndGlobalSection
EndGlobal
