
Microsoft Visual Studio Solution File, Format Version 12.00
# Visual Studio Version 16
VisualStudioVersion = 16.0.31702.278
MinimumVisualStudioVersion = 10.0.40219.1
Project("{FAE04EC0-301F-11D3-BF4B-00C04F79EFBC}") = "compito_3-11-2021", "compito_3-11-2021\compito_3-11-2021.csproj", "{BE78E9DD-48C8-494F-BCAC-FCD823B88504}"
EndProject
Global
	GlobalSection(SolutionConfigurationPlatforms) = preSolution
		Debug|Any CPU = Debug|Any CPU
		Release|Any CPU = Release|Any CPU
	EndGlobalSection
	GlobalSection(ProjectConfigurationPlatforms) = postSolution
		{BE78E9DD-48C8-494F-BCAC-FCD823B88504}.Debug|Any CPU.ActiveCfg = Debug|Any CPU
		{BE78E9DD-48C8-494F-BCAC-FCD823B88504}.Debug|Any CPU.Build.0 = Debug|Any CPU
		{BE78E9DD-48C8-494F-BCAC-FCD823B88504}.Release|Any CPU.ActiveCfg = Release|Any CPU
		{BE78E9DD-48C8-494F-BCAC-FCD823B88504}.Release|Any CPU.Build.0 = Release|Any CPU
	EndGlobalSection
	GlobalSection(SolutionProperties) = preSolution
		HideSolutionNode = FALSE
	EndGlobalSection
	GlobalSection(ExtensibilityGlobals) = postSolution
		SolutionGuid = {07502448-358C-4BA2-8858-722810F15ECC}
	EndGlobalSection
EndGlobal
